
Microsoft Visual Studio Solution File, Format Version 12.00
# Visual Studio Version 17
VisualStudioVersion = 17.9.34723.18
MinimumVisualStudioVersion = 10.0.40219.1
Project("{9A19103F-16F7-4668-BE54-9A1E7A4F7556}") = "ApiProduct", "WebApiTest\ApiProduct.csproj", "{08DC7799-7A34-41C9-84CA-E75595122954}"
EndProject
Project("{2150E333-8FDC-42A3-9474-1A3956D46DE8}") = "01. Src", "01. Src", "{3894A274-1589-4FF5-9D53-ADCC4FBE43ED}"
EndProject
Project("{2150E333-8FDC-42A3-9474-1A3956D46DE8}") = "01. WebApi", "01. WebApi", "{3F077CE5-577A-4303-A0F1-2C73AE7C7D45}"
EndProject
Project("{2150E333-8FDC-42A3-9474-1A3956D46DE8}") = "02. Application", "02. Application", "{A9D6719A-6C03-4FB7-9ADC-441659FE6787}"
EndProject
Project("{2150E333-8FDC-42A3-9474-1A3956D46DE8}") = "03. Domain", "03. Domain", "{66774542-9218-4F19-967A-3E0167A15ED5}"
EndProject
Project("{2150E333-8FDC-42A3-9474-1A3956D46DE8}") = "04. Infraestructure", "04. Infraestructure", "{7E9306F4-0458-4545-B4C3-9275725F271F}"
EndProject
Project("{2150E333-8FDC-42A3-9474-1A3956D46DE8}") = "05. Shared", "05. Shared", "{63D2197D-C237-49B0-8D6D-2A5596C00337}"
EndProject
Project("{9A19103F-16F7-4668-BE54-9A1E7A4F7556}") = "ApiProduct.Application", "ApiTest.Application\ApiProduct.Application.csproj", "{DEECBE15-C154-4FB7-92B9-271C76834B71}"
EndProject
Project("{9A19103F-16F7-4668-BE54-9A1E7A4F7556}") = "ApiProduct.Domain", "ApiTest.Domain\ApiProduct.Domain.csproj", "{89A634BB-F9E2-4FD6-8E16-BCF64DAEB952}"
EndProject
Project("{9A19103F-16F7-4668-BE54-9A1E7A4F7556}") = "ApiProduct.Shared", "ApiTest.Transversal\ApiProduct.Shared.csproj", "{0235DDE5-6B15-481C-8A6C-F2369C35AB57}"
EndProject
Project("{2150E333-8FDC-42A3-9474-1A3956D46DE8}") = "02. Test", "02. Test", "{7C7D7E0D-3132-421E-BFAA-A09082355FAD}"
EndProject
Project("{FAE04EC0-301F-11D3-BF4B-00C04F79EFBC}") = "ApiProduct.Infraestructura", "ApiProduct.Infraestructura\ApiProduct.Infraestructura.csproj", "{664EF43F-DA48-4E18-A94D-0B0BCC54314E}"
EndProject
Project("{FAE04EC0-301F-11D3-BF4B-00C04F79EFBC}") = "ApiProduct.Shared.AutoMapper", "ApiProduct.Shared.AutoMapper\ApiProduct.Shared.AutoMapper.csproj", "{D760A92F-175C-493F-9E99-96453D739805}"
EndProject
Project("{FAE04EC0-301F-11D3-BF4B-00C04F79EFBC}") = "TestWebApi", "TestProduct\TestWebApi.csproj", "{00E7408F-F890-4191-89EC-C719BF244F11}"
EndProject
Global
	GlobalSection(SolutionConfigurationPlatforms) = preSolution
		Debug|Any CPU = Debug|Any CPU
		Release|Any CPU = Release|Any CPU
	EndGlobalSection
	GlobalSection(ProjectConfigurationPlatforms) = postSolution
		{08DC7799-7A34-41C9-84CA-E75595122954}.Debug|Any CPU.ActiveCfg = Debug|Any CPU
		{08DC7799-7A34-41C9-84CA-E75595122954}.Debug|Any CPU.Build.0 = Debug|Any CPU
		{08DC7799-7A34-41C9-84CA-E75595122954}.Release|Any CPU.ActiveCfg = Release|Any CPU
		{08DC7799-7A34-41C9-84CA-E75595122954}.Release|Any CPU.Build.0 = Release|Any CPU
		{DEECBE15-C154-4FB7-92B9-271C76834B71}.Debug|Any CPU.ActiveCfg = Debug|Any CPU
		{DEECBE15-C154-4FB7-92B9-271C76834B71}.Debug|Any CPU.Build.0 = Debug|Any CPU
		{DEECBE15-C154-4FB7-92B9-271C76834B71}.Release|Any CPU.ActiveCfg = Release|Any CPU
		{DEECBE15-C154-4FB7-92B9-271C76834B71}.Release|Any CPU.Build.0 = Release|Any CPU
		{89A634BB-F9E2-4FD6-8E16-BCF64DAEB952}.Debug|Any CPU.ActiveCfg = Debug|Any CPU
		{89A634BB-F9E2-4FD6-8E16-BCF64DAEB952}.Debug|Any CPU.Build.0 = Debug|Any CPU
		{89A634BB-F9E2-4FD6-8E16-BCF64DAEB952}.Release|Any CPU.ActiveCfg = Release|Any CPU
		{89A634BB-F9E2-4FD6-8E16-BCF64DAEB952}.Release|Any CPU.Build.0 = Release|Any CPU
		{0235DDE5-6B15-481C-8A6C-F2369C35AB57}.Debug|Any CPU.ActiveCfg = Debug|Any CPU
		{0235DDE5-6B15-481C-8A6C-F2369C35AB57}.Debug|Any CPU.Build.0 = Debug|Any CPU
		{0235DDE5-6B15-481C-8A6C-F2369C35AB57}.Release|Any CPU.ActiveCfg = Release|Any CPU
		{0235DDE5-6B15-481C-8A6C-F2369C35AB57}.Release|Any CPU.Build.0 = Release|Any CPU
		{664EF43F-DA48-4E18-A94D-0B0BCC54314E}.Debug|Any CPU.ActiveCfg = Debug|Any CPU
		{664EF43F-DA48-4E18-A94D-0B0BCC54314E}.Debug|Any CPU.Build.0 = Debug|Any CPU
		{664EF43F-DA48-4E18-A94D-0B0BCC54314E}.Release|Any CPU.ActiveCfg = Release|Any CPU
		{664EF43F-DA48-4E18-A94D-0B0BCC54314E}.Release|Any CPU.Build.0 = Release|Any CPU
		{D760A92F-175C-493F-9E99-96453D739805}.Debug|Any CPU.ActiveCfg = Debug|Any CPU
		{D760A92F-175C-493F-9E99-96453D739805}.Debug|Any CPU.Build.0 = Debug|Any CPU
		{D760A92F-175C-493F-9E99-96453D739805}.Release|Any CPU.ActiveCfg = Release|Any CPU
		{D760A92F-175C-493F-9E99-96453D739805}.Release|Any CPU.Build.0 = Release|Any CPU
		{00E7408F-F890-4191-89EC-C719BF244F11}.Debug|Any CPU.ActiveCfg = Debug|Any CPU
		{00E7408F-F890-4191-89EC-C719BF244F11}.Debug|Any CPU.Build.0 = Debug|Any CPU
		{00E7408F-F890-4191-89EC-C719BF244F11}.Release|Any CPU.ActiveCfg = Release|Any CPU
		{00E7408F-F890-4191-89EC-C719BF244F11}.Release|Any CPU.Build.0 = Release|Any CPU
	EndGlobalSection
	GlobalSection(SolutionProperties) = preSolution
		HideSolutionNode = FALSE
	EndGlobalSection
	GlobalSection(NestedProjects) = preSolution
		{08DC7799-7A34-41C9-84CA-E75595122954} = {3F077CE5-577A-4303-A0F1-2C73AE7C7D45}
		{3F077CE5-577A-4303-A0F1-2C73AE7C7D45} = {3894A274-1589-4FF5-9D53-ADCC4FBE43ED}
		{A9D6719A-6C03-4FB7-9ADC-441659FE6787} = {3894A274-1589-4FF5-9D53-ADCC4FBE43ED}
		{66774542-9218-4F19-967A-3E0167A15ED5} = {3894A274-1589-4FF5-9D53-ADCC4FBE43ED}
		{7E9306F4-0458-4545-B4C3-9275725F271F} = {3894A274-1589-4FF5-9D53-ADCC4FBE43ED}
		{63D2197D-C237-49B0-8D6D-2A5596C00337} = {3894A274-1589-4FF5-9D53-ADCC4FBE43ED}
		{DEECBE15-C154-4FB7-92B9-271C76834B71} = {A9D6719A-6C03-4FB7-9ADC-441659FE6787}
		{89A634BB-F9E2-4FD6-8E16-BCF64DAEB952} = {66774542-9218-4F19-967A-3E0167A15ED5}
		{0235DDE5-6B15-481C-8A6C-F2369C35AB57} = {63D2197D-C237-49B0-8D6D-2A5596C00337}
		{664EF43F-DA48-4E18-A94D-0B0BCC54314E} = {7E9306F4-0458-4545-B4C3-9275725F271F}
		{D760A92F-175C-493F-9E99-96453D739805} = {63D2197D-C237-49B0-8D6D-2A5596C00337}
		{00E7408F-F890-4191-89EC-C719BF244F11} = {7C7D7E0D-3132-421E-BFAA-A09082355FAD}
	EndGlobalSection
	GlobalSection(ExtensibilityGlobals) = postSolution
		SolutionGuid = {6E058344-F5A0-4958-AF5C-BFFDC669EE05}
	EndGlobalSection
EndGlobal
